
Microsoft Visual Studio Solution File, Format Version 12.00
# Visual Studio 15
VisualStudioVersion = 15.0.27703.2035
MinimumVisualStudioVersion = 10.0.40219.1
Project("{FAE04EC0-301F-11D3-BF4B-00C04F79EFBC}") = "MVC", "MVC\MVC.csproj", "{A7B1AEF5-C029-4B65-B96D-20EF9AA3E833}"
EndProject
Project("{FAE04EC0-301F-11D3-BF4B-00C04F79EFBC}") = "API", "API\API.csproj", "{FD0B7DF1-FD8C-4936-A49A-DE86BEE5CA1D}"
EndProject
Project("{FAE04EC0-301F-11D3-BF4B-00C04F79EFBC}") = "Domain", "Domain\Domain.csproj", "{A69B9F6D-50DA-455F-9D78-B0F0A9BFD125}"
EndProject
Global
	GlobalSection(SolutionConfigurationPlatforms) = preSolution
		Debug|Any CPU = Debug|Any CPU
		Release|Any CPU = Release|Any CPU
	EndGlobalSection
	GlobalSection(ProjectConfigurationPlatforms) = postSolution
		{A7B1AEF5-C029-4B65-B96D-20EF9AA3E833}.Debug|Any CPU.ActiveCfg = Debug|Any CPU
		{A7B1AEF5-C029-4B65-B96D-20EF9AA3E833}.Debug|Any CPU.Build.0 = Debug|Any CPU
		{A7B1AEF5-C029-4B65-B96D-20EF9AA3E833}.Release|Any CPU.ActiveCfg = Release|Any CPU
		{A7B1AEF5-C029-4B65-B96D-20EF9AA3E833}.Release|Any CPU.Build.0 = Release|Any CPU
		{FD0B7DF1-FD8C-4936-A49A-DE86BEE5CA1D}.Debug|Any CPU.ActiveCfg = Debug|Any CPU
		{FD0B7DF1-FD8C-4936-A49A-DE86BEE5CA1D}.Debug|Any CPU.Build.0 = Debug|Any CPU
		{FD0B7DF1-FD8C-4936-A49A-DE86BEE5CA1D}.Release|Any CPU.ActiveCfg = Release|Any CPU
		{FD0B7DF1-FD8C-4936-A49A-DE86BEE5CA1D}.Release|Any CPU.Build.0 = Release|Any CPU
		{A69B9F6D-50DA-455F-9D78-B0F0A9BFD125}.Debug|Any CPU.ActiveCfg = Debug|Any CPU
		{A69B9F6D-50DA-455F-9D78-B0F0A9BFD125}.Debug|Any CPU.Build.0 = Debug|Any CPU
		{A69B9F6D-50DA-455F-9D78-B0F0A9BFD125}.Release|Any CPU.ActiveCfg = Release|Any CPU
		{A69B9F6D-50DA-455F-9D78-B0F0A9BFD125}.Release|Any CPU.Build.0 = Release|Any CPU
	EndGlobalSection
	GlobalSection(SolutionProperties) = preSolution
		HideSolutionNode = FALSE
	EndGlobalSection
	GlobalSection(ExtensibilityGlobals) = postSolution
		SolutionGuid = {A7F2421D-3CBD-4B76-9F68-75239A1EF711}
	EndGlobalSection
EndGlobal
